
Microsoft Visual Studio Solution File, Format Version 12.00
# Visual Studio Version 17
VisualStudioVersion = 17.7.34024.191
MinimumVisualStudioVersion = 10.0.40219.1
Project("{9A19103F-16F7-4668-BE54-9A1E7A4F7556}") = "Task_1", "Task_1\Task_1.csproj", "{7D63B168-24E1-41D7-B6E0-F1BCECAE7973}"
EndProject
Project("{9A19103F-16F7-4668-BE54-9A1E7A4F7556}") = "Task_2", "Task_2\Task_2.csproj", "{4C0EE290-7DF1-4A45-ADCF-7E581FF2AA1B}"
EndProject
Project("{FAE04EC0-301F-11D3-BF4B-00C04F79EFBC}") = "Task_3 Dependency Inversion", "Task_3 Dependency Inversion\Task_3 Dependency Inversion.csproj", "{607292B8-BFA1-4C56-B98A-1428B78D4D21}"
EndProject
Project("{FAE04EC0-301F-11D3-BF4B-00C04F79EFBC}") = "Task_4 Work Force", "Task_4 Work Force\Task_4 Work Force.csproj", "{AF56112C-6D54-4B5B-9655-15CEB67EF2C5}"
EndProject
Global
	GlobalSection(SolutionConfigurationPlatforms) = preSolution
		Debug|Any CPU = Debug|Any CPU
		Release|Any CPU = Release|Any CPU
	EndGlobalSection
	GlobalSection(ProjectConfigurationPlatforms) = postSolution
		{7D63B168-24E1-41D7-B6E0-F1BCECAE7973}.Debug|Any CPU.ActiveCfg = Debug|Any CPU
		{7D63B168-24E1-41D7-B6E0-F1BCECAE7973}.Debug|Any CPU.Build.0 = Debug|Any CPU
		{7D63B168-24E1-41D7-B6E0-F1BCECAE7973}.Release|Any CPU.ActiveCfg = Release|Any CPU
		{7D63B168-24E1-41D7-B6E0-F1BCECAE7973}.Release|Any CPU.Build.0 = Release|Any CPU
		{4C0EE290-7DF1-4A45-ADCF-7E581FF2AA1B}.Debug|Any CPU.ActiveCfg = Debug|Any CPU
		{4C0EE290-7DF1-4A45-ADCF-7E581FF2AA1B}.Debug|Any CPU.Build.0 = Debug|Any CPU
		{4C0EE290-7DF1-4A45-ADCF-7E581FF2AA1B}.Release|Any CPU.ActiveCfg = Release|Any CPU
		{4C0EE290-7DF1-4A45-ADCF-7E581FF2AA1B}.Release|Any CPU.Build.0 = Release|Any CPU
		{607292B8-BFA1-4C56-B98A-1428B78D4D21}.Debug|Any CPU.ActiveCfg = Debug|Any CPU
		{607292B8-BFA1-4C56-B98A-1428B78D4D21}.Debug|Any CPU.Build.0 = Debug|Any CPU
		{607292B8-BFA1-4C56-B98A-1428B78D4D21}.Release|Any CPU.ActiveCfg = Release|Any CPU
		{607292B8-BFA1-4C56-B98A-1428B78D4D21}.Release|Any CPU.Build.0 = Release|Any CPU
		{AF56112C-6D54-4B5B-9655-15CEB67EF2C5}.Debug|Any CPU.ActiveCfg = Debug|Any CPU
		{AF56112C-6D54-4B5B-9655-15CEB67EF2C5}.Debug|Any CPU.Build.0 = Debug|Any CPU
		{AF56112C-6D54-4B5B-9655-15CEB67EF2C5}.Release|Any CPU.ActiveCfg = Release|Any CPU
		{AF56112C-6D54-4B5B-9655-15CEB67EF2C5}.Release|Any CPU.Build.0 = Release|Any CPU
	EndGlobalSection
	GlobalSection(SolutionProperties) = preSolution
		HideSolutionNode = FALSE
	EndGlobalSection
	GlobalSection(ExtensibilityGlobals) = postSolution
		SolutionGuid = {99F21190-B32A-4D7B-A833-AD4C99246FF2}
	EndGlobalSection
EndGlobal
